# This file was autogenerated by uv via the following command:
#    uv pip compile requirements.txt -o requirements.lock
accelerate==1.14.0
    # via -r requirements.txt
annotated-doc==0.0.4
    # via
    #   fastapi
    #   typer
annotated-types==0.7.0
    # via pydantic
antlr4-python3-runtime==4.9.3
    # via
    #   hydra-core
    #   omegaconf
anyio==4.14.2
    # via
    #   gradio
    #   httpx
    #   starlette
av==18.0.0
    # via qwen-vl-utils
brotli==1.2.0
    # via gradio
certifi==2026.7.22
    # via
    #   httpcore
    #   httpx
    #   requests
charset-normalizer==3.4.9
    # via requests
click==8.4.2
    # via
    #   huggingface-hub
    #   uvicorn
contourpy==1.3.3
    # via matplotlib
cycler==0.12.1
    # via matplotlib
fastapi==0.139.2
    # via gradio
filelock==3.32.0
    # via
    #   huggingface-hub
    #   torch
fonttools==4.63.0
    # via matplotlib
fsspec==2026.6.0
    # via
    #   gradio-client
    #   huggingface-hub
    #   torch
gradio==6.20.0
    # via -r requirements.txt
gradio-client==2.5.0
    # via
    #   gradio
    #   hf-gradio
groovy==0.1.2
    # via gradio
h11==0.16.0
    # via
    #   httpcore
    #   uvicorn
hf-gradio==0.4.1
    # via gradio
hf-xet==1.5.2
    # via huggingface-hub
httpcore==1.0.9
    # via httpx
httpx==0.28.1
    # via
    #   gradio
    #   gradio-client
    #   huggingface-hub
    #   safehttpx
huggingface-hub==1.24.0
    # via
    #   -r requirements.txt
    #   accelerate
    #   gradio
    #   gradio-client
    #   tokenizers
    #   transformers
hydra-core==1.3.4
    # via -r requirements.txt
idna==3.18
    # via
    #   anyio
    #   httpx
    #   requests
jinja2==3.1.6
    # via
    #   gradio
    #   torch
kiwisolver==1.5.0
    # via matplotlib
markdown-it-py==4.2.0
    # via rich
markupsafe==3.0.3
    # via
    #   gradio
    #   jinja2
matplotlib==3.11.1
    # via -r requirements.txt
mdurl==0.1.2
    # via markdown-it-py
mpmath==1.3.0
    # via sympy
networkx==3.6.1
    # via torch
numpy==2.5.1
    # via
    #   -r requirements.txt
    #   accelerate
    #   contourpy
    #   gradio
    #   matplotlib
    #   opencv-python
    #   pandas
    #   transformers
omegaconf==2.3.1
    # via
    #   -r requirements.txt
    #   hydra-core
opencv-python==5.0.0.93
    # via -r requirements.txt
orjson==3.11.9
    # via gradio
packaging==26.2
    # via
    #   accelerate
    #   gradio
    #   gradio-client
    #   huggingface-hub
    #   hydra-core
    #   matplotlib
    #   qwen-vl-utils
    #   transformers
pandas==3.0.3
    # via gradio
pillow==12.3.0
    # via
    #   -r requirements.txt
    #   gradio
    #   matplotlib
    #   qwen-vl-utils
protobuf==7.35.1
    # via -r requirements.txt
psutil==7.2.2
    # via accelerate
pydantic==2.13.4
    # via
    #   fastapi
    #   gradio
pydantic-core==2.46.4
    # via pydantic
pydub==0.25.1
    # via gradio
pygments==2.20.0
    # via rich
pyparsing==3.3.2
    # via matplotlib
python-dateutil==2.9.0.post0
    # via
    #   matplotlib
    #   pandas
python-multipart==0.0.32
    # via gradio
pytz==2026.2
    # via gradio
pyyaml==6.0.3
    # via
    #   accelerate
    #   gradio
    #   huggingface-hub
    #   omegaconf
    #   transformers
qwen-vl-utils==0.0.14
    # via -r requirements.txt
regex==2026.7.19
    # via transformers
requests==2.34.2
    # via qwen-vl-utils
rich==15.0.0
    # via typer
safehttpx==0.1.7
    # via gradio
safetensors==0.8.0
    # via
    #   -r requirements.txt
    #   accelerate
    #   transformers
semantic-version==2.10.0
    # via gradio
sentencepiece==0.2.2
    # via -r requirements.txt
setuptools==83.0.0
    # via torch
shellingham==1.5.4
    # via typer
six==1.17.0
    # via python-dateutil
starlette==1.3.1
    # via
    #   fastapi
    #   gradio
sympy==1.14.0
    # via torch
tokenizers==0.22.2
    # via
    #   -r requirements.txt
    #   transformers
tomlkit==0.14.0
    # via gradio
torch==2.13.0
    # via
    #   -r requirements.txt
    #   accelerate
tqdm==4.69.0
    # via
    #   huggingface-hub
    #   transformers
transformers==5.14.1
    # via -r requirements.txt
typer==0.27.0
    # via
    #   gradio
    #   hf-gradio
    #   transformers
typing-extensions==4.16.0
    # via
    #   anyio
    #   fastapi
    #   gradio
    #   gradio-client
    #   huggingface-hub
    #   pydantic
    #   pydantic-core
    #   starlette
    #   torch
    #   typing-inspection
typing-inspection==0.4.2
    # via
    #   fastapi
    #   pydantic
urllib3==2.7.0
    # via requests
uvicorn==0.51.0
    # via gradio
